<Solution>
  <Configurations>
    <Platform Name="Any CPU" />
    <Platform Name="x64" />
    <Platform Name="x86" />
  </Configurations>
  <Folder Name="/Core/">
    <Project Path="Core/Hyprx.Pulumi.Core.csproj" />
  </Folder>
  <Project Path="AzureNative/Hyprx.Pulumi.AzureNative.csproj" />
  <Project Path="AzureTestResources/AzureTestResources.csproj" />
</Solution>
